// !$*UTF8*$!
{
	archiveVersion = 1;
	classes = {
	};
	objectVersion = 46;
	objects = {

/* Begin PBXBuildFile section */
		9341D26D19B0B466005C64C7 /* Foundation.framework in Frameworks */ = {isa = PBXBuildFile; fileRef = 9341D26C19B0B466005C64C7 /* Foundation.framework */; };
		9341D26F19B0B466005C64C7 /* CoreGraphics.framework in Frameworks */ = {isa = PBXBuildFile; fileRef = 9341D26E19B0B466005C64C7 /* CoreGraphics.framework */; };
		9341D27119B0B466005C64C7 /* UIKit.framework in Frameworks */ = {isa = PBXBuildFile; fileRef = 9341D27019B0B466005C64C7 /* UIKit.framework */; };
		9341D27719B0B466005C64C7 /* InfoPlist.strings in Resources */ = {isa = PBXBuildFile; fileRef = 9341D27519B0B466005C64C7 /* InfoPlist.strings */; };
		9341D28519B0B466005C64C7 /* Images.xcassets in Resources */ = {isa = PBXBuildFile; fileRef = 9341D28419B0B466005C64C7 /* Images.xcassets */; };
		9341D28C19B0B466005C64C7 /* XCTest.framework in Frameworks */ = {isa = PBXBuildFile; fileRef = 9341D28B19B0B466005C64C7 /* XCTest.framework */; };
		9341D28D19B0B466005C64C7 /* Foundation.framework in Frameworks */ = {isa = PBXBuildFile; fileRef = 9341D26C19B0B466005C64C7 /* Foundation.framework */; };
		9341D28E19B0B466005C64C7 /* UIKit.framework in Frameworks */ = {isa = PBXBuildFile; fileRef = 9341D27019B0B466005C64C7 /* UIKit.framework */; };
		9341D29619B0B466005C64C7 /* InfoPlist.strings in Resources */ = {isa = PBXBuildFile; fileRef = 9341D29419B0B466005C64C7 /* InfoPlist.strings */; };
		9341D29819B0B466005C64C7 /* israeli_online_tvTests.m in Sources */ = {isa = PBXBuildFile; fileRef = 9341D29719B0B466005C64C7 /* israeli_online_tvTests.m */; };
		9341D2C119B0B4B0005C64C7 /* libGoogleAdMobAds.a in Frameworks */ = {isa = PBXBuildFile; fileRef = 9341D2C019B0B4B0005C64C7 /* libGoogleAdMobAds.a */; };
		9341D2C819B0B74F005C64C7 /* AudioToolbox.framework in Frameworks */ = {isa = PBXBuildFile; fileRef = 9341D2C719B0B74F005C64C7 /* AudioToolbox.framework */; };
		9341D2CA19B0B754005C64C7 /* MessageUI.framework in Frameworks */ = {isa = PBXBuildFile; fileRef = 9341D2C919B0B754005C64C7 /* MessageUI.framework */; };
		9341D2CC19B0B764005C64C7 /* SystemConfiguration.framework in Frameworks */ = {isa = PBXBuildFile; fileRef = 9341D2CB19B0B764005C64C7 /* SystemConfiguration.framework */; };
/* End PBXBuildFile section */

/* Begin PBXContainerItemProxy section */
		9341D28F19B0B466005C64C7 /* PBXContainerItemProxy */ = {
			isa = PBXContainerItemProxy;
			containerPortal = 9341D26119B0B466005C64C7 /* Project object */;
			proxyType = 1;
			remoteGlobalIDString = 9341D26819B0B466005C64C7;
			remoteInfo = "israeli online tv";
		};
/* End PBXContainerItemProxy section */

/* Begin PBXFileReference section */
		9341D26919B0B466005C64C7 /* iTV.app */ = {isa = PBXFileReference; explicitFileType = wrapper.application; includeInIndex = 0; path = iTV.app; sourceTree = BUILT_PRODUCTS_DIR; };
		9341D26C19B0B466005C64C7 /* Foundation.framework */ = {isa = PBXFileReference; lastKnownFileType = wrapper.framework; name = Foundation.framework; path = System/Library/Frameworks/Foundation.framework; sourceTree = SDKROOT; };
		9341D26E19B0B466005C64C7 /* CoreGraphics.framework */ = {isa = PBXFileReference; lastKnownFileType = wrapper.framework; name = CoreGraphics.framework; path = System/Library/Frameworks/CoreGraphics.framework; sourceTree = SDKROOT; };
		9341D27019B0B466005C64C7 /* UIKit.framework */ = {isa = PBXFileReference; lastKnownFileType = wrapper.framework; name = UIKit.framework; path = System/Library/Frameworks/UIKit.framework; sourceTree = SDKROOT; };
		9341D27419B0B466005C64C7 /* israeli online tv-Info.plist */ = {isa = PBXFileReference; lastKnownFileType = text.plist.xml; path = "israeli online tv-Info.plist"; sourceTree = "<group>"; };
		9341D27619B0B466005C64C7 /* en */ = {isa = PBXFileReference; lastKnownFileType = text.plist.strings; name = en; path = en.lproj/InfoPlist.strings; sourceTree = "<group>"; };
		9341D27819B0B466005C64C7 /* main.m */ = {isa = PBXFileReference; lastKnownFileType = sourcecode.c.objc; path = main.m; sourceTree = "<group>"; };
		9341D27A19B0B466005C64C7 /* israeli online tv-Prefix.pch */ = {isa = PBXFileReference; lastKnownFileType = sourcecode.c.h; path = "israeli online tv-Prefix.pch"; sourceTree = "<group>"; };
		9341D27B19B0B466005C64C7 /* AppDelegate.h */ = {isa = PBXFileReference; lastKnownFileType = sourcecode.c.h; path = AppDelegate.h; sourceTree = "<group>"; };
		9341D27C19B0B466005C64C7 /* AppDelegate.m */ = {isa = PBXFileReference; lastKnownFileType = sourcecode.c.objc; path = AppDelegate.m; sourceTree = "<group>"; };
		9341D27F19B0B466005C64C7 /* Base */ = {isa = PBXFileReference; lastKnownFileType = file.storyboard; name = Base; path = Base.lproj/Main.storyboard; sourceTree = "<group>"; };
		9341D28119B0B466005C64C7 /* ViewController.h */ = {isa = PBXFileReference; lastKnownFileType = sourcecode.c.h; path = ViewController.h; sourceTree = "<group>"; };
		9341D28219B0B466005C64C7 /* ViewController.m */ = {isa = PBXFileReference; lastKnownFileType = sourcecode.c.objc; path = ViewController.m; sourceTree = "<group>"; };
		9341D28419B0B466005C64C7 /* Images.xcassets */ = {isa = PBXFileReference; lastKnownFileType = folder.assetcatalog; path = Images.xcassets; sourceTree = "<group>"; };
		9341D28A19B0B466005C64C7 /* israeli online tvTests.xctest */ = {isa = PBXFileReference; explicitFileType = wrapper.cfbundle; includeInIndex = 0; path = "israeli online tvTests.xctest"; sourceTree = BUILT_PRODUCTS_DIR; };
		9341D28B19B0B466005C64C7 /* XCTest.framework */ = {isa = PBXFileReference; lastKnownFileType = wrapper.framework; name = XCTest.framework; path = Library/Frameworks/XCTest.framework; sourceTree = DEVELOPER_DIR; };
		9341D29319B0B466005C64C7 /* israeli online tvTests-Info.plist */ = {isa = PBXFileReference; lastKnownFileType = text.plist.xml; path = "israeli online tvTests-Info.plist"; sourceTree = "<group>"; };
		9341D29519B0B466005C64C7 /* en */ = {isa = PBXFileReference; lastKnownFileType = text.plist.strings; name = en; path = en.lproj/InfoPlist.strings; sourceTree = "<group>"; };
		9341D29719B0B466005C64C7 /* israeli_online_tvTests.m */ = {isa = PBXFileReference; lastKnownFileType = sourcecode.c.objc; path = israeli_online_tvTests.m; sourceTree = "<group>"; };
		9341D2A319B0B4B0005C64C7 /* DFPBannerView.h */ = {isa = PBXFileReference; fileEncoding = 4; lastKnownFileType = sourcecode.c.h; path = DFPBannerView.h; sourceTree = "<group>"; };
		9341D2A419B0B4B0005C64C7 /* DFPExtras.h */ = {isa = PBXFileReference; fileEncoding = 4; lastKnownFileType = sourcecode.c.h; path = DFPExtras.h; sourceTree = "<group>"; };
		9341D2A519B0B4B0005C64C7 /* DFPInterstitial.h */ = {isa = PBXFileReference; fileEncoding = 4; lastKnownFileType = sourcecode.c.h; path = DFPInterstitial.h; sourceTree = "<group>"; };
		9341D2A619B0B4B0005C64C7 /* DFPSwipeableBannerView.h */ = {isa = PBXFileReference; fileEncoding = 4; lastKnownFileType = sourcecode.c.h; path = DFPSwipeableBannerView.h; sourceTree = "<group>"; };
		9341D2A719B0B4B0005C64C7 /* GADAdSizeDelegate.h */ = {isa = PBXFileReference; fileEncoding = 4; lastKnownFileType = sourcecode.c.h; path = GADAdSizeDelegate.h; sourceTree = "<group>"; };
		9341D2A819B0B4B0005C64C7 /* GADAppEventDelegate.h */ = {isa = PBXFileReference; fileEncoding = 4; lastKnownFileType = sourcecode.c.h; path = GADAppEventDelegate.h; sourceTree = "<group>"; };
		9341D2A919B0B4B0005C64C7 /* GADSwipeableBannerViewDelegate.h */ = {isa = PBXFileReference; fileEncoding = 4; lastKnownFileType = sourcecode.c.h; path = GADSwipeableBannerViewDelegate.h; sourceTree = "<group>"; };
		9341D2AB19B0B4B0005C64C7 /* GADCustomEventBanner.h */ = {isa = PBXFileReference; fileEncoding = 4; lastKnownFileType = sourcecode.c.h; path = GADCustomEventBanner.h; sourceTree = "<group>"; };
		9341D2AC19B0B4B0005C64C7 /* GADCustomEventBannerDelegate.h */ = {isa = PBXFileReference; fileEncoding = 4; lastKnownFileType = sourcecode.c.h; path = GADCustomEventBannerDelegate.h; sourceTree = "<group>"; };
		9341D2AD19B0B4B0005C64C7 /* GADCustomEventExtras.h */ = {isa = PBXFileReference; fileEncoding = 4; lastKnownFileType = sourcecode.c.h; path = GADCustomEventExtras.h; sourceTree = "<group>"; };
		9341D2AE19B0B4B0005C64C7 /* GADCustomEventInterstitial.h */ = {isa = PBXFileReference; fileEncoding = 4; lastKnownFileType = sourcecode.c.h; path = GADCustomEventInterstitial.h; sourceTree = "<group>"; };
		9341D2AF19B0B4B0005C64C7 /* GADCustomEventInterstitialDelegate.h */ = {isa = PBXFileReference; fileEncoding = 4; lastKnownFileType = sourcecode.c.h; path = GADCustomEventInterstitialDelegate.h; sourceTree = "<group>"; };
		9341D2B019B0B4B0005C64C7 /* GADCustomEventRequest.h */ = {isa = PBXFileReference; fileEncoding = 4; lastKnownFileType = sourcecode.c.h; path = GADCustomEventRequest.h; sourceTree = "<group>"; };
		9341D2B219B0B4B0005C64C7 /* GADSearchBannerView.h */ = {isa = PBXFileReference; fileEncoding = 4; lastKnownFileType = sourcecode.c.h; path = GADSearchBannerView.h; sourceTree = "<group>"; };
		9341D2B319B0B4B0005C64C7 /* GADSearchRequest.h */ = {isa = PBXFileReference; fileEncoding = 4; lastKnownFileType = sourcecode.c.h; path = GADSearchRequest.h; sourceTree = "<group>"; };
		9341D2B419B0B4B0005C64C7 /* GADAdMobExtras.h */ = {isa = PBXFileReference; fileEncoding = 4; lastKnownFileType = sourcecode.c.h; path = GADAdMobExtras.h; sourceTree = "<group>"; };
		9341D2B519B0B4B0005C64C7 /* GADAdNetworkExtras.h */ = {isa = PBXFileReference; fileEncoding = 4; lastKnownFileType = sourcecode.c.h; path = GADAdNetworkExtras.h; sourceTree = "<group>"; };
		9341D2B619B0B4B0005C64C7 /* GADAdSize.h */ = {isa = PBXFileReference; fileEncoding = 4; lastKnownFileType = sourcecode.c.h; path = GADAdSize.h; sourceTree = "<group>"; };
		9341D2B719B0B4B0005C64C7 /* GADBannerView.h */ = {isa = PBXFileReference; fileEncoding = 4; lastKnownFileType = sourcecode.c.h; path = GADBannerView.h; sourceTree = "<group>"; };
		9341D2B819B0B4B0005C64C7 /* GADBannerViewDelegate.h */ = {isa = PBXFileReference; fileEncoding = 4; lastKnownFileType = sourcecode.c.h; path = GADBannerViewDelegate.h; sourceTree = "<group>"; };
		9341D2B919B0B4B0005C64C7 /* GADInAppPurchase.h */ = {isa = PBXFileReference; fileEncoding = 4; lastKnownFileType = sourcecode.c.h; path = GADInAppPurchase.h; sourceTree = "<group>"; };
		9341D2BA19B0B4B0005C64C7 /* GADInAppPurchaseDelegate.h */ = {isa = PBXFileReference; fileEncoding = 4; lastKnownFileType = sourcecode.c.h; path = GADInAppPurchaseDelegate.h; sourceTree = "<group>"; };
		9341D2BB19B0B4B0005C64C7 /* GADInterstitial.h */ = {isa = PBXFileReference; fileEncoding = 4; lastKnownFileType = sourcecode.c.h; path = GADInterstitial.h; sourceTree = "<group>"; };
		9341D2BC19B0B4B0005C64C7 /* GADInterstitialDelegate.h */ = {isa = PBXFileReference; fileEncoding = 4; lastKnownFileType = sourcecode.c.h; path = GADInterstitialDelegate.h; sourceTree = "<group>"; };
		9341D2BD19B0B4B0005C64C7 /* GADModules.h */ = {isa = PBXFileReference; fileEncoding = 4; lastKnownFileType = sourcecode.c.h; path = GADModules.h; sourceTree = "<group>"; };
		9341D2BE19B0B4B0005C64C7 /* GADRequest.h */ = {isa = PBXFileReference; fileEncoding = 4; lastKnownFileType = sourcecode.c.h; path = GADRequest.h; sourceTree = "<group>"; };
		9341D2BF19B0B4B0005C64C7 /* GADRequestError.h */ = {isa = PBXFileReference; fileEncoding = 4; lastKnownFileType = sourcecode.c.h; path = GADRequestError.h; sourceTree = "<group>"; };
		9341D2C019B0B4B0005C64C7 /* libGoogleAdMobAds.a */ = {isa = PBXFileReference; lastKnownFileType = archive.ar; path = libGoogleAdMobAds.a; sourceTree = "<group>"; };
		9341D2C419B0B59C005C64C7 /* channel.h */ = {isa = PBXFileReference; fileEncoding = 4; lastKnownFileType = sourcecode.c.h; path = channel.h; sourceTree = "<group>"; };
		9341D2C519B0B59C005C64C7 /* channel.m */ = {isa = PBXFileReference; fileEncoding = 4; lastKnownFileType = sourcecode.c.objc; path = channel.m; sourceTree = "<group>"; };
		9341D2C719B0B74F005C64C7 /* AudioToolbox.framework */ = {isa = PBXFileReference; lastKnownFileType = wrapper.framework; name = AudioToolbox.framework; path = System/Library/Frameworks/AudioToolbox.framework; sourceTree = SDKROOT; };
		9341D2C919B0B754005C64C7 /* MessageUI.framework */ = {isa = PBXFileReference; lastKnownFileType = wrapper.framework; name = MessageUI.framework; path = System/Library/Frameworks/MessageUI.framework; sourceTree = SDKROOT; };
		9341D2CB19B0B764005C64C7 /* SystemConfiguration.framework */ = {isa = PBXFileReference; lastKnownFileType = wrapper.framework; name = SystemConfiguration.framework; path = System/Library/Frameworks/SystemConfiguration.framework; sourceTree = SDKROOT; };
/* End PBXFileReference section */

/* Begin PBXFrameworksBuildPhase section */
		9341D26619B0B466005C64C7 /* Frameworks */ = {
			isa = PBXFrameworksBuildPhase;
			buildActionMask = 2147483647;
			files = (
				9341D26F19B0B466005C64C7 /* CoreGraphics.framework in Frameworks */,
				9341D2CC19B0B764005C64C7 /* SystemConfiguration.framework in Frameworks */,
				9341D2CA19B0B754005C64C7 /* MessageUI.framework in Frameworks */,
				9341D2C819B0B74F005C64C7 /* AudioToolbox.framework in Frameworks */,
				9341D2C119B0B4B0005C64C7 /* libGoogleAdMobAds.a in Frameworks */,
				9341D27119B0B466005C64C7 /* UIKit.framework in Frameworks */,
				9341D26D19B0B466005C64C7 /* Foundation.framework in Frameworks */,
			);
			runOnlyForDeploymentPostprocessing = 0;
		};
		9341D28719B0B466005C64C7 /* Frameworks */ = {
			isa = PBXFrameworksBuildPhase;
			buildActionMask = 2147483647;
			files = (
				9341D28C19B0B466005C64C7 /* XCTest.framework in Frameworks */,
				9341D28E19B0B466005C64C7 /* UIKit.framework in Frameworks */,
				9341D28D19B0B466005C64C7 /* Foundation.framework in Frameworks */,
			);
			runOnlyForDeploymentPostprocessing = 0;
		};
/* End PBXFrameworksBuildPhase section */

/* Begin PBXGroup section */
		9341D26019B0B466005C64C7 = {
			isa = PBXGroup;
			children = (
				9341D27219B0B466005C64C7 /* israeli online tv */,
				9341D29119B0B466005C64C7 /* israeli online tvTests */,
				9341D26B19B0B466005C64C7 /* Frameworks */,
				9341D26A19B0B466005C64C7 /* Products */,
			);
			sourceTree = "<group>";
		};
		9341D26A19B0B466005C64C7 /* Products */ = {
			isa = PBXGroup;
			children = (
				9341D26919B0B466005C64C7 /* iTV.app */,
				9341D28A19B0B466005C64C7 /* israeli online tvTests.xctest */,
			);
			name = Products;
			sourceTree = "<group>";
		};
		9341D26B19B0B466005C64C7 /* Frameworks */ = {
			isa = PBXGroup;
			children = (
				9341D2CB19B0B764005C64C7 /* SystemConfiguration.framework */,
				9341D2C919B0B754005C64C7 /* MessageUI.framework */,
				9341D2C719B0B74F005C64C7 /* AudioToolbox.framework */,
				9341D26C19B0B466005C64C7 /* Foundation.framework */,
				9341D26E19B0B466005C64C7 /* CoreGraphics.framework */,
				9341D27019B0B466005C64C7 /* UIKit.framework */,
				9341D28B19B0B466005C64C7 /* XCTest.framework */,
			);
			name = Frameworks;
			sourceTree = "<group>";
		};
		9341D27219B0B466005C64C7 /* israeli online tv */ = {
			isa = PBXGroup;
			children = (
				9341D2C319B0B559005C64C7 /* channel class */,
				9341D2C219B0B4B7005C64C7 /* ADMOB */,
				9341D2A119B0B4B0005C64C7 /* Add-ons */,
				9341D27B19B0B466005C64C7 /* AppDelegate.h */,
				9341D27C19B0B466005C64C7 /* AppDelegate.m */,
				9341D27E19B0B466005C64C7 /* Main.storyboard */,
				9341D28119B0B466005C64C7 /* ViewController.h */,
				9341D28219B0B466005C64C7 /* ViewController.m */,
				9341D28419B0B466005C64C7 /* Images.xcassets */,
				9341D27319B0B466005C64C7 /* Supporting Files */,
			);
			path = "israeli online tv";
			sourceTree = "<group>";
		};
		9341D27319B0B466005C64C7 /* Supporting Files */ = {
			isa = PBXGroup;
			children = (
				9341D27419B0B466005C64C7 /* israeli online tv-Info.plist */,
				9341D27519B0B466005C64C7 /* InfoPlist.strings */,
				9341D27819B0B466005C64C7 /* main.m */,
				9341D27A19B0B466005C64C7 /* israeli online tv-Prefix.pch */,
			);
			name = "Supporting Files";
			sourceTree = "<group>";
		};
		9341D29119B0B466005C64C7 /* israeli online tvTests */ = {
			isa = PBXGroup;
			children = (
				9341D29719B0B466005C64C7 /* israeli_online_tvTests.m */,
				9341D29219B0B466005C64C7 /* Supporting Files */,
			);
			path = "israeli online tvTests";
			sourceTree = "<group>";
		};
		9341D29219B0B466005C64C7 /* Supporting Files */ = {
			isa = PBXGroup;
			children = (
				9341D29319B0B466005C64C7 /* israeli online tvTests-Info.plist */,
				9341D29419B0B466005C64C7 /* InfoPlist.strings */,
			);
			name = "Supporting Files";
			sourceTree = "<group>";
		};
		9341D2A119B0B4B0005C64C7 /* Add-ons */ = {
			isa = PBXGroup;
			children = (
				9341D2A219B0B4B0005C64C7 /* DoubleClick */,
				9341D2AA19B0B4B0005C64C7 /* Mediation */,
				9341D2B119B0B4B0005C64C7 /* Search */,
			);
			path = "Add-ons";
			sourceTree = "<group>";
		};
		9341D2A219B0B4B0005C64C7 /* DoubleClick */ = {
			isa = PBXGroup;
			children = (
				9341D2A319B0B4B0005C64C7 /* DFPBannerView.h */,
				9341D2A419B0B4B0005C64C7 /* DFPExtras.h */,
				9341D2A519B0B4B0005C64C7 /* DFPInterstitial.h */,
				9341D2A619B0B4B0005C64C7 /* DFPSwipeableBannerView.h */,
				9341D2A719B0B4B0005C64C7 /* GADAdSizeDelegate.h */,
				9341D2A819B0B4B0005C64C7 /* GADAppEventDelegate.h */,
				9341D2A919B0B4B0005C64C7 /* GADSwipeableBannerViewDelegate.h */,
			);
			path = DoubleClick;
			sourceTree = "<group>";
		};
		9341D2AA19B0B4B0005C64C7 /* Mediation */ = {
			isa = PBXGroup;
			children = (
				9341D2AB19B0B4B0005C64C7 /* GADCustomEventBanner.h */,
				9341D2AC19B0B4B0005C64C7 /* GADCustomEventBannerDelegate.h */,
				9341D2AD19B0B4B0005C64C7 /* GADCustomEventExtras.h */,
				9341D2AE19B0B4B0005C64C7 /* GADCustomEventInterstitial.h */,
				9341D2AF19B0B4B0005C64C7 /* GADCustomEventInterstitialDelegate.h */,
				9341D2B019B0B4B0005C64C7 /* GADCustomEventRequest.h */,
			);
			path = Mediation;
			sourceTree = "<group>";
		};
		9341D2B119B0B4B0005C64C7 /* Search */ = {
			isa = PBXGroup;
			children = (
				9341D2B219B0B4B0005C64C7 /* GADSearchBannerView.h */,
				9341D2B319B0B4B0005C64C7 /* GADSearchRequest.h */,
			);
			path = Search;
			sourceTree = "<group>";
		};
		9341D2C219B0B4B7005C64C7 /* ADMOB */ = {
			isa = PBXGroup;
			children = (
				9341D2B419B0B4B0005C64C7 /* GADAdMobExtras.h */,
				9341D2B519B0B4B0005C64C7 /* GADAdNetworkExtras.h */,
				9341D2B619B0B4B0005C64C7 /* GADAdSize.h */,
				9341D2B719B0B4B0005C64C7 /* GADBannerView.h */,
				9341D2B819B0B4B0005C64C7 /* GADBannerViewDelegate.h */,
				9341D2B919B0B4B0005C64C7 /* GADInAppPurchase.h */,
				9341D2BA19B0B4B0005C64C7 /* GADInAppPurchaseDelegate.h */,
				9341D2BB19B0B4B0005C64C7 /* GADInterstitial.h */,
				9341D2BC19B0B4B0005C64C7 /* GADInterstitialDelegate.h */,
				9341D2BD19B0B4B0005C64C7 /* GADModules.h */,
				9341D2BE19B0B4B0005C64C7 /* GADRequest.h */,
				9341D2BF19B0B4B0005C64C7 /* GADRequestError.h */,
				9341D2C019B0B4B0005C64C7 /* libGoogleAdMobAds.a */,
			);
			name = ADMOB;
			sourceTree = "<group>";
		};
		9341D2C319B0B559005C64C7 /* channel class */ = {
			isa = PBXGroup;
			children = (
				9341D2C419B0B59C005C64C7 /* channel.h */,
				9341D2C519B0B59C005C64C7 /* channel.m */,
			);
			name = "channel class";
			sourceTree = "<group>";
		};
/* End PBXGroup section */

/* Begin PBXNativeTarget section */
		9341D26819B0B466005C64C7 /* israeli online tv */ = {
			isa = PBXNativeTarget;
			buildConfigurationList = 9341D29B19B0B466005C64C7 /* Build configuration list for PBXNativeTarget "israeli online tv" */;
			buildPhases = (
				9341D26519B0B466005C64C7 /* Sources */,
				9341D26619B0B466005C64C7 /* Frameworks */,
				9341D26719B0B466005C64C7 /* Resources */,
			);
			buildRules = (
			);
			dependencies = (
			);
			name = "israeli online tv";
			productName = "israeli online tv";
			productReference = 9341D26919B0B466005C64C7 /* iTV.app */;
			productType = "com.apple.product-type.application";
		};
		9341D28919B0B466005C64C7 /* israeli online tvTests */ = {
			isa = PBXNativeTarget;
			buildConfigurationList = 9341D29E19B0B466005C64C7 /* Build configuration list for PBXNativeTarget "israeli online tvTests" */;
			buildPhases = (
				9341D28619B0B466005C64C7 /* Sources */,
				9341D28719B0B466005C64C7 /* Frameworks */,
				9341D28819B0B466005C64C7 /* Resources */,
			);
			buildRules = (
			);
			dependencies = (
				9341D29019B0B466005C64C7 /* PBXTargetDependency */,
			);
			name = "israeli online tvTests";
			productName = "israeli online tvTests";
			productReference = 9341D28A19B0B466005C64C7 /* israeli online tvTests.xctest */;
			productType = "com.apple.product-type.bundle.unit-test";
		};
/* End PBXNativeTarget section */

/* Begin PBXProject section */
		9341D26119B0B466005C64C7 /* Project object */ = {
			isa = PBXProject;
			attributes = {
				LastUpgradeCheck = 0510;
				ORGANIZATIONNAME = "idan magled";
				TargetAttributes = {
					9341D26819B0B466005C64C7 = {
						DevelopmentTeam = WK3MG9PTZP;
					};
					9341D28919B0B466005C64C7 = {
						TestTargetID = 9341D26819B0B466005C64C7;
					};
				};
			};
			buildConfigurationList = 9341D26419B0B466005C64C7 /* Build configuration list for PBXProject "israeli online tv" */;
			compatibilityVersion = "Xcode 3.2";
			developmentRegion = English;
			hasScannedForEncodings = 0;
			knownRegions = (
				en,
				Base,
			);
			mainGroup = 9341D26019B0B466005C64C7;
			productRefGroup = 9341D26A19B0B466005C64C7 /* Products */;
			projectDirPath = "";
			projectRoot = "";
			targets = (
				9341D26819B0B466005C64C7 /* israeli online tv */,
				9341D28919B0B466005C64C7 /* israeli online tvTests */,
			);
		};
/* End PBXProject section */

/* Begin PBXResourcesBuildPhase section */
		9341D26719B0B466005C64C7 /* Resources */ = {
			isa = PBXResourcesBuildPhase;
			buildActionMask = 2147483647;
			files = (
				9341D28519B0B466005C64C7 /* Images.xcassets in Resources */,
				9341D27719B0B466005C64C7 /* InfoPlist.strings in Resources */,
			);
			runOnlyForDeploymentPostprocessing = 0;
		};
		9341D28819B0B466005C64C7 /* Resources */ = {
			isa = PBXResourcesBuildPhase;
			buildActionMask = 2147483647;
			files = (
				9341D29619B0B466005C64C7 /* InfoPlist.strings in Resources */,
			);
			runOnlyForDeploymentPostprocessing = 0;
		};
/* End PBXResourcesBuildPhase section */

/* Begin PBXSourcesBuildPhase section */
		9341D26519B0B466005C64C7 /* Sources */ = {
			isa = PBXSourcesBuildPhase;
			buildActionMask = 2147483647;
			files = (
			);
			runOnlyForDeploymentPostprocessing = 0;
		};
		9341D28619B0B466005C64C7 /* Sources */ = {
			isa = PBXSourcesBuildPhase;
			buildActionMask = 2147483647;
			files = (
				9341D29819B0B466005C64C7 /* israeli_online_tvTests.m in Sources */,
			);
			runOnlyForDeploymentPostprocessing = 0;
		};
/* End PBXSourcesBuildPhase section */

/* Begin PBXTargetDependency section */
		9341D29019B0B466005C64C7 /* PBXTargetDependency */ = {
			isa = PBXTargetDependency;
			target = 9341D26819B0B466005C64C7 /* israeli online tv */;
			targetProxy = 9341D28F19B0B466005C64C7 /* PBXContainerItemProxy */;
		};
/* End PBXTargetDependency section */

/* Begin PBXVariantGroup section */
		9341D27519B0B466005C64C7 /* InfoPlist.strings */ = {
			isa = PBXVariantGroup;
			children = (
				9341D27619B0B466005C64C7 /* en */,
			);
			name = InfoPlist.strings;
			sourceTree = "<group>";
		};
		9341D27E19B0B466005C64C7 /* Main.storyboard */ = {
			isa = PBXVariantGroup;
			children = (
				9341D27F19B0B466005C64C7 /* Base */,
			);
			name = Main.storyboard;
			sourceTree = "<group>";
		};
		9341D29419B0B466005C64C7 /* InfoPlist.strings */ = {
			isa = PBXVariantGroup;
			children = (
				9341D29519B0B466005C64C7 /* en */,
			);
			name = InfoPlist.strings;
			sourceTree = "<group>";
		};
/* End PBXVariantGroup section */

/* Begin XCBuildConfiguration section */
		9341D29919B0B466005C64C7 /* Debug */ = {
			isa = XCBuildConfiguration;
			buildSettings = {
				ALWAYS_SEARCH_USER_PATHS = NO;
				CLANG_CXX_LANGUAGE_STANDARD = "gnu++0x";
				CLANG_CXX_LIBRARY = "libc++";
				CLANG_ENABLE_MODULES = YES;
				CLANG_ENABLE_OBJC_ARC = YES;
				CLANG_WARN_BOOL_CONVERSION = YES;
				CLANG_WARN_CONSTANT_CONVERSION = YES;
				CLANG_WARN_DIRECT_OBJC_ISA_USAGE = YES_ERROR;
				CLANG_WARN_EMPTY_BODY = YES;
				CLANG_WARN_ENUM_CONVERSION = YES;
				CLANG_WARN_INT_CONVERSION = YES;
				CLANG_WARN_OBJC_ROOT_CLASS = YES_ERROR;
				CLANG_WARN__DUPLICATE_METHOD_MATCH = YES;
				"CODE_SIGN_IDENTITY[sdk=iphoneos*]" = "iPhone Developer";
				COPY_PHASE_STRIP = NO;
				GCC_C_LANGUAGE_STANDARD = gnu99;
				GCC_DYNAMIC_NO_PIC = NO;
				GCC_OPTIMIZATION_LEVEL = 0;
				GCC_PREPROCESSOR_DEFINITIONS = (
					"DEBUG=1",
					"$(inherited)",
				);
				GCC_SYMBOLS_PRIVATE_EXTERN = NO;
				GCC_WARN_64_TO_32_BIT_CONVERSION = YES;
				GCC_WARN_ABOUT_RETURN_TYPE = YES_ERROR;
				GCC_WARN_UNDECLARED_SELECTOR = YES;
				GCC_WARN_UNINITIALIZED_AUTOS = YES_AGGRESSIVE;
				GCC_WARN_UNUSED_FUNCTION = YES;
				GCC_WARN_UNUSED_VARIABLE = YES;
				IPHONEOS_DEPLOYMENT_TARGET = 7.1;
				ONLY_ACTIVE_ARCH = YES;
				SDKROOT = iphoneos;
			};
			name = Debug;
		};
		9341D29A19B0B466005C64C7 /* Release */ = {
			isa = XCBuildConfiguration;
			buildSettings = {
				ALWAYS_SEARCH_USER_PATHS = NO;
				CLANG_CXX_LANGUAGE_STANDARD = "gnu++0x";
				CLANG_CXX_LIBRARY = "libc++";
				CLANG_ENABLE_MODULES = YES;
				CLANG_ENABLE_OBJC_ARC = YES;
				CLANG_WARN_BOOL_CONVERSION = YES;
				CLANG_WARN_CONSTANT_CONVERSION = YES;
				CLANG_WARN_DIRECT_OBJC_ISA_USAGE = YES_ERROR;
				CLANG_WARN_EMPTY_BODY = YES;
				CLANG_WARN_ENUM_CONVERSION = YES;
				CLANG_WARN_INT_CONVERSION = YES;
				CLANG_WARN_OBJC_ROOT_CLASS = YES_ERROR;
				CLANG_WARN__DUPLICATE_METHOD_MATCH = YES;
				"CODE_SIGN_IDENTITY[sdk=iphoneos*]" = "iPhone Developer";
				COPY_PHASE_STRIP = YES;
				ENABLE_NS_ASSERTIONS = NO;
				GCC_C_LANGUAGE_STANDARD = gnu99;
				GCC_WARN_64_TO_32_BIT_CONVERSION = YES;
				GCC_WARN_ABOUT_RETURN_TYPE = YES_ERROR;
				GCC_WARN_UNDECLARED_SELECTOR = YES;
				GCC_WARN_UNINITIALIZED_AUTOS = YES_AGGRESSIVE;
				GCC_WARN_UNUSED_FUNCTION = YES;
				GCC_WARN_UNUSED_VARIABLE = YES;
				IPHONEOS_DEPLOYMENT_TARGET = 7.1;
				SDKROOT = iphoneos;
				VALIDATE_PRODUCT = YES;
			};
			name = Release;
		};
		9341D29C19B0B466005C64C7 /* Debug */ = {
			isa = XCBuildConfiguration;
			buildSettings = {
				ASSETCATALOG_COMPILER_APPICON_NAME = AppIcon;
				ASSETCATALOG_COMPILER_LAUNCHIMAGE_NAME = LaunchImage;
				GCC_PRECOMPILE_PREFIX_HEADER = YES;
				GCC_PREFIX_HEADER = "israeli online tv/israeli online tv-Prefix.pch";
				INFOPLIST_FILE = "israeli online tv/israeli online tv-Info.plist";
				IPHONEOS_DEPLOYMENT_TARGET = 6.0;
				LIBRARY_SEARCH_PATHS = (
					"$(inherited)",
					"$(PROJECT_DIR)/israeli",
					online,
					tv,
				);
				ONLY_ACTIVE_ARCH = YES;
				OTHER_LDFLAGS = "-ObjC";
				PRODUCT_NAME = iTV;
				VALID_ARCHS = "armv7 armv7s armv6";
				WRAPPER_EXTENSION = app;
			};
			name = Debug;
		};
		9341D29D19B0B466005C64C7 /* Release */ = {
			isa = XCBuildConfiguration;
			buildSettings = {
				ASSETCATALOG_COMPILER_APPICON_NAME = AppIcon;
				ASSETCATALOG_COMPILER_LAUNCHIMAGE_NAME = LaunchImage;
				GCC_PRECOMPILE_PREFIX_HEADER = YES;
				GCC_PREFIX_HEADER = "israeli online tv/israeli online tv-Prefix.pch";
				INFOPLIST_FILE = "israeli online tv/israeli online tv-Info.plist";
				IPHONEOS_DEPLOYMENT_TARGET = 6.0;
				LIBRARY_SEARCH_PATHS = (
					"$(inherited)",
					"$(PROJECT_DIR)/israeli",
					online,
					tv,
				);
				ONLY_ACTIVE_ARCH = YES;
				OTHER_LDFLAGS = "-ObjC";
				PRODUCT_NAME = iTV;
				VALID_ARCHS = "armv7 armv7s armv6";
				WRAPPER_EXTENSION = app;
			};
			name = Release;
		};
		9341D29F19B0B466005C64C7 /* Debug */ = {
			isa = XCBuildConfiguration;
			buildSettings = {
				BUNDLE_LOADER = "$(BUILT_PRODUCTS_DIR)/israeli online tv.app/israeli online tv";
				FRAMEWORK_SEARCH_PATHS = (
					"$(SDKROOT)/Developer/Library/Frameworks",
					"$(inherited)",
					"$(DEVELOPER_FRAMEWORKS_DIR)",
				);
				GCC_PRECOMPILE_PREFIX_HEADER = YES;
				GCC_PREFIX_HEADER = "israeli online tv/israeli online tv-Prefix.pch";
				GCC_PREPROCESSOR_DEFINITIONS = (
					"DEBUG=1",
					"$(inherited)",
				);
				INFOPLIST_FILE = "israeli online tvTests/israeli online tvTests-Info.plist";
				PRODUCT_NAME = "$(TARGET_NAME)";
				TEST_HOST = "$(BUNDLE_LOADER)";
				WRAPPER_EXTENSION = xctest;
			};
			name = Debug;
		};
		9341D2A019B0B466005C64C7 /* Release */ = {
			isa = XCBuildConfiguration;
			buildSettings = {
				BUNDLE_LOADER = "$(BUILT_PRODUCTS_DIR)/israeli online tv.app/israeli online tv";
				FRAMEWORK_SEARCH_PATHS = (
					"$(SDKROOT)/Developer/Library/Frameworks",
					"$(inherited)",
					"$(DEVELOPER_FRAMEWORKS_DIR)",
				);
				GCC_PRECOMPILE_PREFIX_HEADER = YES;
				GCC_PREFIX_HEADER = "israeli online tv/israeli online tv-Prefix.pch";
				INFOPLIST_FILE = "israeli online tvTests/israeli online tvTests-Info.plist";
				PRODUCT_NAME = "$(TARGET_NAME)";
				TEST_HOST = "$(BUNDLE_LOADER)";
				WRAPPER_EXTENSION = xctest;
			};
			name = Release;
		};
/* End XCBuildConfiguration section */

/* Begin XCConfigurationList section */
		9341D26419B0B466005C64C7 /* Build configuration list for PBXProject "israeli online tv" */ = {
			isa = XCConfigurationList;
			buildConfigurations = (
				9341D29919B0B466005C64C7 /* Debug */,
				9341D29A19B0B466005C64C7 /* Release */,
			);
			defaultConfigurationIsVisible = 0;
			defaultConfigurationName = Release;
		};
		9341D29B19B0B466005C64C7 /* Build configuration list for PBXNativeTarget "israeli online tv" */ = {
			isa = XCConfigurationList;
			buildConfigurations = (
				9341D29C19B0B466005C64C7 /* Debug */,
				9341D29D19B0B466005C64C7 /* Release */,
			);
			defaultConfigurationIsVisible = 0;
			defaultConfigurationName = Release;
		};
		9341D29E19B0B466005C64C7 /* Build configuration list for PBXNativeTarget "israeli online tvTests" */ = {
			isa = XCConfigurationList;
			buildConfigurations = (
				9341D29F19B0B466005C64C7 /* Debug */,
				9341D2A019B0B466005C64C7 /* Release */,
			);
			defaultConfigurationIsVisible = 0;
			defaultConfigurationName = Release;
		};
/* End XCConfigurationList section */
	};
	rootObject = 9341D26119B0B466005C64C7 /* Project object */;
}
